
Microsoft Visual Studio Solution File, Format Version 12.00
# Visual Studio Version 17
VisualStudioVersion = 17.14.36518.9 d17.14
MinimumVisualStudioVersion = 10.0.40219.1
Project("{FAE04EC0-301F-11D3-BF4B-00C04F79EFBC}") = "TheravexBackend", "TheravexBackend\TheravexBackend.csproj", "{C3D1FA51-ABD8-4313-936C-7ECA492CE637}"
EndProject
Global
	GlobalSection(SolutionConfigurationPlatforms) = preSolution
		Debug|Any CPU = Debug|Any CPU
		Release|Any CPU = Release|Any CPU
	EndGlobalSection
	GlobalSection(ProjectConfigurationPlatforms) = postSolution
		{C3D1FA51-ABD8-4313-936C-7ECA492CE637}.Debug|Any CPU.ActiveCfg = Debug|Any CPU
		{C3D1FA51-ABD8-4313-936C-7ECA492CE637}.Debug|Any CPU.Build.0 = Debug|Any CPU
		{C3D1FA51-ABD8-4313-936C-7ECA492CE637}.Release|Any CPU.ActiveCfg = Release|Any CPU
		{C3D1FA51-ABD8-4313-936C-7ECA492CE637}.Release|Any CPU.Build.0 = Release|Any CPU
	EndGlobalSection
	GlobalSection(SolutionProperties) = preSolution
		HideSolutionNode = FALSE
	EndGlobalSection
	GlobalSection(ExtensibilityGlobals) = postSolution
		SolutionGuid = {0D6988BD-DD00-4E03-9107-5C78B22F4AA1}
	EndGlobalSection
EndGlobal
